<?xml version="1.0" encoding="utf-8"?>
<Project ToolsVersion="4.0" xmlns="http://schemas.microsoft.com/developer/msbuild/2003">
  <ItemGroup>
    <Filter Include="Source Files">
      <UniqueIdentifier>{4FC737F1-C7A5-4376-A066-2A32D752A2FF}</UniqueIdentifier>
      <Extensions>cpp;c;cc;cxx;def;odl;idl;hpj;bat;asm;asmx</Extensions>
    </Filter>
    <Filter Include="Header Files">
      <UniqueIdentifier>{93995380-89BD-4b04-88EB-625FBE52EBFB}</UniqueIdentifier>
      <Extensions>h;hpp;hxx;hm;inl;inc;xsd</Extensions>
    </Filter>
    <Filter Include="Resource Files">
      <UniqueIdentifier>{67DA6AB6-F800-4c08-8B7A-83BB121AAD01}</UniqueIdentifier>
      <Extensions>rc;ico;cur;bmp;dlg;rc2;rct;bin;rgs;gif;jpg;jpeg;jpe;resx;tiff;tif;png;wav</Extensions>
    </Filter>
  </ItemGroup>
  <ItemGroup>
    <ClCompile Include="..\..\libmsiecf\libmsiecf.c">
      <Filter>Source Files</Filter>
    </ClCompile>
    <ClCompile Include="..\..\libmsiecf\libmsiecf_allocation_table.c">
      <Filter>Source Files</Filter>
    </ClCompile>
    <ClCompile Include="..\..\libmsiecf\libmsiecf_cache_directory_table.c">
      <Filter>Source Files</Filter>
    </ClCompile>
    <ClCompile Include="..\..\libmsiecf\libmsiecf_debug.c">
      <Filter>Source Files</Filter>
    </ClCompile>
    <ClCompile Include="..\..\libmsiecf\libmsiecf_directory_descriptor.c">
      <Filter>Source Files</Filter>
    </ClCompile>
    <ClCompile Include="..\..\libmsiecf\libmsiecf_error.c">
      <Filter>Source Files</Filter>
    </ClCompile>
    <ClCompile Include="..\..\libmsiecf\libmsiecf_file.c">
      <Filter>Source Files</Filter>
    </ClCompile>
    <ClCompile Include="..\..\libmsiecf\libmsiecf_file_header.c">
      <Filter>Source Files</Filter>
    </ClCompile>
    <ClCompile Include="..\..\libmsiecf\libmsiecf_hash.c">
      <Filter>Source Files</Filter>
    </ClCompile>
    <ClCompile Include="..\..\libmsiecf\libmsiecf_hash_table.c">
      <Filter>Source Files</Filter>
    </ClCompile>
    <ClCompile Include="..\..\libmsiecf\libmsiecf_io_handle.c">
      <Filter>Source Files</Filter>
    </ClCompile>
    <ClCompile Include="..\..\libmsiecf\libmsiecf_item.c">
      <Filter>Source Files</Filter>
    </ClCompile>
    <ClCompile Include="..\..\libmsiecf\libmsiecf_item_descriptor.c">
      <Filter>Source Files</Filter>
    </ClCompile>
    <ClCompile Include="..\..\libmsiecf\libmsiecf_leak.c">
      <Filter>Source Files</Filter>
    </ClCompile>
    <ClCompile Include="..\..\libmsiecf\libmsiecf_leak_values.c">
      <Filter>Source Files</Filter>
    </ClCompile>
    <ClCompile Include="..\..\libmsiecf\libmsiecf_notify.c">
      <Filter>Source Files</Filter>
    </ClCompile>
    <ClCompile Include="..\..\libmsiecf\libmsiecf_property_type.c">
      <Filter>Source Files</Filter>
    </ClCompile>
    <ClCompile Include="..\..\libmsiecf\libmsiecf_redirected.c">
      <Filter>Source Files</Filter>
    </ClCompile>
    <ClCompile Include="..\..\libmsiecf\libmsiecf_redirected_values.c">
      <Filter>Source Files</Filter>
    </ClCompile>
    <ClCompile Include="..\..\libmsiecf\libmsiecf_support.c">
      <Filter>Source Files</Filter>
    </ClCompile>
    <ClCompile Include="..\..\libmsiecf\libmsiecf_url.c">
      <Filter>Source Files</Filter>
    </ClCompile>
    <ClCompile Include="..\..\libmsiecf\libmsiecf_url_values.c">
      <Filter>Source Files</Filter>
    </ClCompile>
  </ItemGroup>
  <ItemGroup>
    <ClInclude Include="..\..\libmsiecf\libmsiecf_allocation_table.h">
      <Filter>Header Files</Filter>
    </ClInclude>
    <ClInclude Include="..\..\libmsiecf\libmsiecf_cache_directory_table.h">
      <Filter>Header Files</Filter>
    </ClInclude>
    <ClInclude Include="..\..\libmsiecf\libmsiecf_codepage.h">
      <Filter>Header Files</Filter>
    </ClInclude>
    <ClInclude Include="..\..\libmsiecf\libmsiecf_debug.h">
      <Filter>Header Files</Filter>
    </ClInclude>
    <ClInclude Include="..\..\libmsiecf\libmsiecf_definitions.h">
      <Filter>Header Files</Filter>
    </ClInclude>
    <ClInclude Include="..\..\libmsiecf\libmsiecf_directory_descriptor.h">
      <Filter>Header Files</Filter>
    </ClInclude>
    <ClInclude Include="..\..\libmsiecf\libmsiecf_error.h">
      <Filter>Header Files</Filter>
    </ClInclude>
    <ClInclude Include="..\..\libmsiecf\libmsiecf_extern.h">
      <Filter>Header Files</Filter>
    </ClInclude>
    <ClInclude Include="..\..\libmsiecf\libmsiecf_file.h">
      <Filter>Header Files</Filter>
    </ClInclude>
    <ClInclude Include="..\..\libmsiecf\libmsiecf_file_header.h">
      <Filter>Header Files</Filter>
    </ClInclude>
    <ClInclude Include="..\..\libmsiecf\libmsiecf_hash.h">
      <Filter>Header Files</Filter>
    </ClInclude>
    <ClInclude Include="..\..\libmsiecf\libmsiecf_hash_table.h">
      <Filter>Header Files</Filter>
    </ClInclude>
    <ClInclude Include="..\..\libmsiecf\libmsiecf_io_handle.h">
      <Filter>Header Files</Filter>
    </ClInclude>
    <ClInclude Include="..\..\libmsiecf\libmsiecf_item.h">
      <Filter>Header Files</Filter>
    </ClInclude>
    <ClInclude Include="..\..\libmsiecf\libmsiecf_item_descriptor.h">
      <Filter>Header Files</Filter>
    </ClInclude>
    <ClInclude Include="..\..\libmsiecf\libmsiecf_leak.h">
      <Filter>Header Files</Filter>
    </ClInclude>
    <ClInclude Include="..\..\libmsiecf\libmsiecf_leak_values.h">
      <Filter>Header Files</Filter>
    </ClInclude>
    <ClInclude Include="..\..\libmsiecf\libmsiecf_libbfio.h">
      <Filter>Header Files</Filter>
    </ClInclude>
    <ClInclude Include="..\..\libmsiecf\libmsiecf_libcdata.h">
      <Filter>Header Files</Filter>
    </ClInclude>
    <ClInclude Include="..\..\libmsiecf\libmsiecf_libcerror.h">
      <Filter>Header Files</Filter>
    </ClInclude>
    <ClInclude Include="..\..\libmsiecf\libmsiecf_libclocale.h">
      <Filter>Header Files</Filter>
    </ClInclude>
    <ClInclude Include="..\..\libmsiecf\libmsiecf_libcnotify.h">
      <Filter>Header Files</Filter>
    </ClInclude>
    <ClInclude Include="..\..\libmsiecf\libmsiecf_libcthreads.h">
      <Filter>Header Files</Filter>
    </ClInclude>
    <ClInclude Include="..\..\libmsiecf\libmsiecf_libfdatetime.h">
      <Filter>Header Files</Filter>
    </ClInclude>
    <ClInclude Include="..\..\libmsiecf\libmsiecf_libfole.h">
      <Filter>Header Files</Filter>
    </ClInclude>
    <ClInclude Include="..\..\libmsiecf\libmsiecf_libfvalue.h">
      <Filter>Header Files</Filter>
    </ClInclude>
    <ClInclude Include="..\..\libmsiecf\libmsiecf_libuna.h">
      <Filter>Header Files</Filter>
    </ClInclude>
    <ClInclude Include="..\..\libmsiecf\libmsiecf_notify.h">
      <Filter>Header Files</Filter>
    </ClInclude>
    <ClInclude Include="..\..\libmsiecf\libmsiecf_property_type.h">
      <Filter>Header Files</Filter>
    </ClInclude>
    <ClInclude Include="..\..\libmsiecf\libmsiecf_redirected.h">
      <Filter>Header Files</Filter>
    </ClInclude>
    <ClInclude Include="..\..\libmsiecf\libmsiecf_redirected_values.h">
      <Filter>Header Files</Filter>
    </ClInclude>
    <ClInclude Include="..\..\libmsiecf\libmsiecf_support.h">
      <Filter>Header Files</Filter>
    </ClInclude>
    <ClInclude Include="..\..\libmsiecf\libmsiecf_types.h">
      <Filter>Header Files</Filter>
    </ClInclude>
    <ClInclude Include="..\..\libmsiecf\libmsiecf_unused.h">
      <Filter>Header Files</Filter>
    </ClInclude>
    <ClInclude Include="..\..\libmsiecf\libmsiecf_url.h">
      <Filter>Header Files</Filter>
    </ClInclude>
    <ClInclude Include="..\..\libmsiecf\libmsiecf_url_values.h">
      <Filter>Header Files</Filter>
    </ClInclude>
    <ClInclude Include="..\..\libmsiecf\msiecf_cache_directory_table.h">
      <Filter>Header Files</Filter>
    </ClInclude>
    <ClInclude Include="..\..\libmsiecf\msiecf_file_header.h">
      <Filter>Header Files</Filter>
    </ClInclude>
    <ClInclude Include="..\..\libmsiecf\msiecf_hash_record.h">
      <Filter>Header Files</Filter>
    </ClInclude>
    <ClInclude Include="..\..\libmsiecf\msiecf_leak_record.h">
      <Filter>Header Files</Filter>
    </ClInclude>
    <ClInclude Include="..\..\libmsiecf\msiecf_record.h">
      <Filter>Header Files</Filter>
    </ClInclude>
    <ClInclude Include="..\..\libmsiecf\msiecf_redr_record.h">
      <Filter>Header Files</Filter>
    </ClInclude>
    <ClInclude Include="..\..\libmsiecf\msiecf_url_record.h">
      <Filter>Header Files</Filter>
    </ClInclude>
  </ItemGroup>
  <ItemGroup>
    <ResourceCompile Include="..\..\libmsiecf\libmsiecf.rc">
      <Filter>Resource Files</Filter>
    </ResourceCompile>
  </ItemGroup>
</Project>