
Microsoft Visual Studio Solution File, Format Version 12.00
# Visual Studio Version 17
VisualStudioVersion = 17.1.32210.238
MinimumVisualStudioVersion = 10.0.40219.1
Project("{8BC9CEB8-8B4A-11D0-8D11-00A0C91BC942}") = "libfole", "libfole\libfole.vcxproj", "{85798504-AF81-4D65-B527-D2667B638C13}"
EndProject
Project("{8BC9CEB8-8B4A-11D0-8D11-00A0C91BC942}") = "libfguid", "libfguid\libfguid.vcxproj", "{8C13E498-6369-4792-A0CF-B7134C54561B}"
EndProject
Project("{8BC9CEB8-8B4A-11D0-8D11-00A0C91BC942}") = "msiecf_test_allocation_table", "msiecf_test_allocation_table\msiecf_test_allocation_table.vcxproj", "{7BF725CB-2542-4061-B896-68AA83E5FA12}"
EndProject
Project("{8BC9CEB8-8B4A-11D0-8D11-00A0C91BC942}") = "msiecf_test_cache_directory_table", "msiecf_test_cache_directory_table\msiecf_test_cache_directory_table.vcxproj", "{F82D992B-9636-41A5-92EE-FDA09A4344C9}"
EndProject
Project("{8BC9CEB8-8B4A-11D0-8D11-00A0C91BC942}") = "msiecf_test_directory_descriptor", "msiecf_test_directory_descriptor\msiecf_test_directory_descriptor.vcxproj", "{2B3BB037-F748-4983-BE07-9EA910915433}"
EndProject
Project("{8BC9CEB8-8B4A-11D0-8D11-00A0C91BC942}") = "msiecf_test_error", "msiecf_test_error\msiecf_test_error.vcxproj", "{613A110E-1831-45DA-B434-7B4F2C884EE5}"
EndProject
Project("{8BC9CEB8-8B4A-11D0-8D11-00A0C91BC942}") = "msiecf_test_file", "msiecf_test_file\msiecf_test_file.vcxproj", "{778EBD4B-DABA-427F-85CC-CE41949FEB16}"
EndProject
Project("{8BC9CEB8-8B4A-11D0-8D11-00A0C91BC942}") = "msiecf_test_file_header", "msiecf_test_file_header\msiecf_test_file_header.vcxproj", "{24164120-0812-424D-A4BA-865746B620C3}"
EndProject
Project("{8BC9CEB8-8B4A-11D0-8D11-00A0C91BC942}") = "msiecf_test_hash_table", "msiecf_test_hash_table\msiecf_test_hash_table.vcxproj", "{4BD68E79-5A96-47EC-AFF2-0DD18DDF357E}"
EndProject
Project("{8BC9CEB8-8B4A-11D0-8D11-00A0C91BC942}") = "msiecf_test_io_handle", "msiecf_test_io_handle\msiecf_test_io_handle.vcxproj", "{BCB6A59C-382B-42F7-A3E6-AD8D9C8C1FBC}"
EndProject
Project("{8BC9CEB8-8B4A-11D0-8D11-00A0C91BC942}") = "msiecf_test_item", "msiecf_test_item\msiecf_test_item.vcxproj", "{AA145F1F-8A74-4112-B177-8A79984E786C}"
EndProject
Project("{8BC9CEB8-8B4A-11D0-8D11-00A0C91BC942}") = "msiecf_test_item_descriptor", "msiecf_test_item_descriptor\msiecf_test_item_descriptor.vcxproj", "{D7110311-202D-40D4-BC2E-85F3E9284FB3}"
EndProject
Project("{8BC9CEB8-8B4A-11D0-8D11-00A0C91BC942}") = "msiecf_test_leak", "msiecf_test_leak\msiecf_test_leak.vcxproj", "{5BD72764-1D9E-4D80-9BAE-E2C2EEA94457}"
EndProject
Project("{8BC9CEB8-8B4A-11D0-8D11-00A0C91BC942}") = "msiecf_test_leak_values", "msiecf_test_leak_values\msiecf_test_leak_values.vcxproj", "{5D0EF44C-50E4-4A3D-84A2-58D219A7453F}"
EndProject
Project("{8BC9CEB8-8B4A-11D0-8D11-00A0C91BC942}") = "msiecf_test_notify", "msiecf_test_notify\msiecf_test_notify.vcxproj", "{AD251908-821D-4663-8C54-4F353D7263A0}"
EndProject
Project("{8BC9CEB8-8B4A-11D0-8D11-00A0C91BC942}") = "msiecf_test_property_type", "msiecf_test_property_type\msiecf_test_property_type.vcxproj", "{86516E5B-FCF6-4349-91B2-836F58D26C37}"
EndProject
Project("{8BC9CEB8-8B4A-11D0-8D11-00A0C91BC942}") = "msiecf_test_redirected", "msiecf_test_redirected\msiecf_test_redirected.vcxproj", "{23338BAF-D3A7-4F3C-8D5D-966C8D52EF16}"
EndProject
Project("{8BC9CEB8-8B4A-11D0-8D11-00A0C91BC942}") = "msiecf_test_redirected_values", "msiecf_test_redirected_values\msiecf_test_redirected_values.vcxproj", "{EBD2DF07-925E-43FB-83BA-3AA5A600A08F}"
EndProject
Project("{8BC9CEB8-8B4A-11D0-8D11-00A0C91BC942}") = "msiecf_test_support", "msiecf_test_support\msiecf_test_support.vcxproj", "{CF389480-CDCF-457E-987D-E8B17050FA7C}"
EndProject
Project("{8BC9CEB8-8B4A-11D0-8D11-00A0C91BC942}") = "msiecf_test_tools_info_handle", "msiecf_test_tools_info_handle\msiecf_test_tools_info_handle.vcxproj", "{0B33AB7A-92AE-4485-BE50-D40130A7B861}"
EndProject
Project("{8BC9CEB8-8B4A-11D0-8D11-00A0C91BC942}") = "msiecf_test_tools_output", "msiecf_test_tools_output\msiecf_test_tools_output.vcxproj", "{B5698389-0D50-4AB1-9200-F2E619D9CCED}"
EndProject
Project("{8BC9CEB8-8B4A-11D0-8D11-00A0C91BC942}") = "msiecf_test_tools_signal", "msiecf_test_tools_signal\msiecf_test_tools_signal.vcxproj", "{397CBBB1-5EC9-478B-8AAE-6FC49B39128F}"
EndProject
Project("{8BC9CEB8-8B4A-11D0-8D11-00A0C91BC942}") = "msiecf_test_url", "msiecf_test_url\msiecf_test_url.vcxproj", "{AB66A878-21FC-4141-B99C-139E14ACBEA6}"
EndProject
Project("{8BC9CEB8-8B4A-11D0-8D11-00A0C91BC942}") = "msiecf_test_url_values", "msiecf_test_url_values\msiecf_test_url_values.vcxproj", "{BE15FF92-5EF0-4AE0-B24F-A76C65E6BA01}"
EndProject
Project("{8BC9CEB8-8B4A-11D0-8D11-00A0C91BC942}") = "libclocale", "libclocale\libclocale.vcxproj", "{CEDF8919-00B2-4D8A-88CC-84ADB2D2FF89}"
EndProject
Project("{8BC9CEB8-8B4A-11D0-8D11-00A0C91BC942}") = "libbfio", "libbfio\libbfio.vcxproj", "{41CFAFBF-A1C8-4704-AFEF-31979E6452B9}"
EndProject
Project("{8BC9CEB8-8B4A-11D0-8D11-00A0C91BC942}") = "libfdatetime", "libfdatetime\libfdatetime.vcxproj", "{25C60507-39C6-4564-912D-DA2E7482A00F}"
EndProject
Project("{8BC9CEB8-8B4A-11D0-8D11-00A0C91BC942}") = "libcfile", "libcfile\libcfile.vcxproj", "{4C93BDD3-1804-47F3-9B34-F2DE0CAE1AE0}"
EndProject
Project("{8BC9CEB8-8B4A-11D0-8D11-00A0C91BC942}") = "libcthreads", "libcthreads\libcthreads.vcxproj", "{8AFAA2C6-E025-4B45-B96F-A27D04C6115A}"
EndProject
Project("{8BC9CEB8-8B4A-11D0-8D11-00A0C91BC942}") = "libcpath", "libcpath\libcpath.vcxproj", "{3FFB9C05-1145-45A7-9ADE-5C8D70FBD7CA}"
EndProject
Project("{8BC9CEB8-8B4A-11D0-8D11-00A0C91BC942}") = "libuna", "libuna\libuna.vcxproj", "{BC27FF34-C859-4A1A-95D6-FC89952E1910}"
EndProject
Project("{8BC9CEB8-8B4A-11D0-8D11-00A0C91BC942}") = "libfvalue", "libfvalue\libfvalue.vcxproj", "{85005D62-6AA7-4D8A-86CB-4061B23D7C6C}"
EndProject
Project("{8BC9CEB8-8B4A-11D0-8D11-00A0C91BC942}") = "libcerror", "libcerror\libcerror.vcxproj", "{BD3A95FA-A3DE-4B79-A889-A7E5ECA4B69C}"
EndProject
Project("{8BC9CEB8-8B4A-11D0-8D11-00A0C91BC942}") = "pymsiecf", "pymsiecf\pymsiecf.vcxproj", "{E221DB4C-B254-47CB-993D-DC7FED580DA1}"
EndProject
Project("{8BC9CEB8-8B4A-11D0-8D11-00A0C91BC942}") = "libcnotify", "libcnotify\libcnotify.vcxproj", "{5304AD69-D449-4589-B2C9-E4607E56A51D}"
EndProject
Project("{8BC9CEB8-8B4A-11D0-8D11-00A0C91BC942}") = "libmsiecf", "libmsiecf\libmsiecf.vcxproj", "{7BCD081D-FD85-43C6-922D-72920254AD1F}"
EndProject
Project("{8BC9CEB8-8B4A-11D0-8D11-00A0C91BC942}") = "msiecfexport", "msiecfexport\msiecfexport.vcxproj", "{6B758D1D-FE05-49C6-836B-9B8AC8DC4FCD}"
EndProject
Project("{8BC9CEB8-8B4A-11D0-8D11-00A0C91BC942}") = "msiecfinfo", "msiecfinfo\msiecfinfo.vcxproj", "{A7545354-5D50-49F6-A3D0-1F97F6228955}"
EndProject
Project("{8BC9CEB8-8B4A-11D0-8D11-00A0C91BC942}") = "libcdata", "libcdata\libcdata.vcxproj", "{B9332DC8-7594-47DF-80C1-38922E0F4DFB}"
EndProject
Project("{8BC9CEB8-8B4A-11D0-8D11-00A0C91BC942}") = "libcsplit", "libcsplit\libcsplit.vcxproj", "{B86FB73A-4ACC-42DE-9545-586D93955B06}"
EndProject
Global
	GlobalSection(SolutionConfigurationPlatforms) = preSolution
		Release|Win32 = Release|Win32
		Release|x64 = Release|x64
		VSDebug|Win32 = VSDebug|Win32
		VSDebug|x64 = VSDebug|x64
	EndGlobalSection
	GlobalSection(ProjectConfigurationPlatforms) = postSolution
		{85798504-AF81-4D65-B527-D2667B638C13}.Release|Win32.ActiveCfg = Release|Win32
		{85798504-AF81-4D65-B527-D2667B638C13}.Release|Win32.Build.0 = Release|Win32
		{85798504-AF81-4D65-B527-D2667B638C13}.Release|x64.ActiveCfg = Release|x64
		{85798504-AF81-4D65-B527-D2667B638C13}.Release|x64.Build.0 = Release|x64
		{85798504-AF81-4D65-B527-D2667B638C13}.VSDebug|Win32.ActiveCfg = VSDebug|Win32
		{85798504-AF81-4D65-B527-D2667B638C13}.VSDebug|Win32.Build.0 = VSDebug|Win32
		{85798504-AF81-4D65-B527-D2667B638C13}.VSDebug|x64.ActiveCfg = VSDebug|x64
		{85798504-AF81-4D65-B527-D2667B638C13}.VSDebug|x64.Build.0 = VSDebug|x64
		{8C13E498-6369-4792-A0CF-B7134C54561B}.Release|Win32.ActiveCfg = Release|Win32
		{8C13E498-6369-4792-A0CF-B7134C54561B}.Release|Win32.Build.0 = Release|Win32
		{8C13E498-6369-4792-A0CF-B7134C54561B}.Release|x64.ActiveCfg = Release|x64
		{8C13E498-6369-4792-A0CF-B7134C54561B}.Release|x64.Build.0 = Release|x64
		{8C13E498-6369-4792-A0CF-B7134C54561B}.VSDebug|Win32.ActiveCfg = VSDebug|Win32
		{8C13E498-6369-4792-A0CF-B7134C54561B}.VSDebug|Win32.Build.0 = VSDebug|Win32
		{8C13E498-6369-4792-A0CF-B7134C54561B}.VSDebug|x64.ActiveCfg = VSDebug|x64
		{8C13E498-6369-4792-A0CF-B7134C54561B}.VSDebug|x64.Build.0 = VSDebug|x64
		{7BF725CB-2542-4061-B896-68AA83E5FA12}.Release|Win32.ActiveCfg = Release|Win32
		{7BF725CB-2542-4061-B896-68AA83E5FA12}.Release|Win32.Build.0 = Release|Win32
		{7BF725CB-2542-4061-B896-68AA83E5FA12}.Release|x64.ActiveCfg = Release|x64
		{7BF725CB-2542-4061-B896-68AA83E5FA12}.Release|x64.Build.0 = Release|x64
		{7BF725CB-2542-4061-B896-68AA83E5FA12}.VSDebug|Win32.ActiveCfg = VSDebug|Win32
		{7BF725CB-2542-4061-B896-68AA83E5FA12}.VSDebug|Win32.Build.0 = VSDebug|Win32
		{7BF725CB-2542-4061-B896-68AA83E5FA12}.VSDebug|x64.ActiveCfg = VSDebug|x64
		{7BF725CB-2542-4061-B896-68AA83E5FA12}.VSDebug|x64.Build.0 = VSDebug|x64
		{F82D992B-9636-41A5-92EE-FDA09A4344C9}.Release|Win32.ActiveCfg = Release|Win32
		{F82D992B-9636-41A5-92EE-FDA09A4344C9}.Release|Win32.Build.0 = Release|Win32
		{F82D992B-9636-41A5-92EE-FDA09A4344C9}.Release|x64.ActiveCfg = Release|x64
		{F82D992B-9636-41A5-92EE-FDA09A4344C9}.Release|x64.Build.0 = Release|x64
		{F82D992B-9636-41A5-92EE-FDA09A4344C9}.VSDebug|Win32.ActiveCfg = VSDebug|Win32
		{F82D992B-9636-41A5-92EE-FDA09A4344C9}.VSDebug|Win32.Build.0 = VSDebug|Win32
		{F82D992B-9636-41A5-92EE-FDA09A4344C9}.VSDebug|x64.ActiveCfg = VSDebug|x64
		{F82D992B-9636-41A5-92EE-FDA09A4344C9}.VSDebug|x64.Build.0 = VSDebug|x64
		{2B3BB037-F748-4983-BE07-9EA910915433}.Release|Win32.ActiveCfg = Release|Win32
		{2B3BB037-F748-4983-BE07-9EA910915433}.Release|Win32.Build.0 = Release|Win32
		{2B3BB037-F748-4983-BE07-9EA910915433}.Release|x64.ActiveCfg = Release|x64
		{2B3BB037-F748-4983-BE07-9EA910915433}.Release|x64.Build.0 = Release|x64
		{2B3BB037-F748-4983-BE07-9EA910915433}.VSDebug|Win32.ActiveCfg = VSDebug|Win32
		{2B3BB037-F748-4983-BE07-9EA910915433}.VSDebug|Win32.Build.0 = VSDebug|Win32
		{2B3BB037-F748-4983-BE07-9EA910915433}.VSDebug|x64.ActiveCfg = VSDebug|x64
		{2B3BB037-F748-4983-BE07-9EA910915433}.VSDebug|x64.Build.0 = VSDebug|x64
		{613A110E-1831-45DA-B434-7B4F2C884EE5}.Release|Win32.ActiveCfg = Release|Win32
		{613A110E-1831-45DA-B434-7B4F2C884EE5}.Release|Win32.Build.0 = Release|Win32
		{613A110E-1831-45DA-B434-7B4F2C884EE5}.Release|x64.ActiveCfg = Release|x64
		{613A110E-1831-45DA-B434-7B4F2C884EE5}.Release|x64.Build.0 = Release|x64
		{613A110E-1831-45DA-B434-7B4F2C884EE5}.VSDebug|Win32.ActiveCfg = VSDebug|Win32
		{613A110E-1831-45DA-B434-7B4F2C884EE5}.VSDebug|Win32.Build.0 = VSDebug|Win32
		{613A110E-1831-45DA-B434-7B4F2C884EE5}.VSDebug|x64.ActiveCfg = VSDebug|x64
		{613A110E-1831-45DA-B434-7B4F2C884EE5}.VSDebug|x64.Build.0 = VSDebug|x64
		{778EBD4B-DABA-427F-85CC-CE41949FEB16}.Release|Win32.ActiveCfg = Release|Win32
		{778EBD4B-DABA-427F-85CC-CE41949FEB16}.Release|Win32.Build.0 = Release|Win32
		{778EBD4B-DABA-427F-85CC-CE41949FEB16}.Release|x64.ActiveCfg = Release|x64
		{778EBD4B-DABA-427F-85CC-CE41949FEB16}.Release|x64.Build.0 = Release|x64
		{778EBD4B-DABA-427F-85CC-CE41949FEB16}.VSDebug|Win32.ActiveCfg = VSDebug|Win32
		{778EBD4B-DABA-427F-85CC-CE41949FEB16}.VSDebug|Win32.Build.0 = VSDebug|Win32
		{778EBD4B-DABA-427F-85CC-CE41949FEB16}.VSDebug|x64.ActiveCfg = VSDebug|x64
		{778EBD4B-DABA-427F-85CC-CE41949FEB16}.VSDebug|x64.Build.0 = VSDebug|x64
		{24164120-0812-424D-A4BA-865746B620C3}.Release|Win32.ActiveCfg = Release|Win32
		{24164120-0812-424D-A4BA-865746B620C3}.Release|Win32.Build.0 = Release|Win32
		{24164120-0812-424D-A4BA-865746B620C3}.Release|x64.ActiveCfg = Release|x64
		{24164120-0812-424D-A4BA-865746B620C3}.Release|x64.Build.0 = Release|x64
		{24164120-0812-424D-A4BA-865746B620C3}.VSDebug|Win32.ActiveCfg = VSDebug|Win32
		{24164120-0812-424D-A4BA-865746B620C3}.VSDebug|Win32.Build.0 = VSDebug|Win32
		{24164120-0812-424D-A4BA-865746B620C3}.VSDebug|x64.ActiveCfg = VSDebug|x64
		{24164120-0812-424D-A4BA-865746B620C3}.VSDebug|x64.Build.0 = VSDebug|x64
		{4BD68E79-5A96-47EC-AFF2-0DD18DDF357E}.Release|Win32.ActiveCfg = Release|Win32
		{4BD68E79-5A96-47EC-AFF2-0DD18DDF357E}.Release|Win32.Build.0 = Release|Win32
		{4BD68E79-5A96-47EC-AFF2-0DD18DDF357E}.Release|x64.ActiveCfg = Release|x64
		{4BD68E79-5A96-47EC-AFF2-0DD18DDF357E}.Release|x64.Build.0 = Release|x64
		{4BD68E79-5A96-47EC-AFF2-0DD18DDF357E}.VSDebug|Win32.ActiveCfg = VSDebug|Win32
		{4BD68E79-5A96-47EC-AFF2-0DD18DDF357E}.VSDebug|Win32.Build.0 = VSDebug|Win32
		{4BD68E79-5A96-47EC-AFF2-0DD18DDF357E}.VSDebug|x64.ActiveCfg = VSDebug|x64
		{4BD68E79-5A96-47EC-AFF2-0DD18DDF357E}.VSDebug|x64.Build.0 = VSDebug|x64
		{BCB6A59C-382B-42F7-A3E6-AD8D9C8C1FBC}.Release|Win32.ActiveCfg = Release|Win32
		{BCB6A59C-382B-42F7-A3E6-AD8D9C8C1FBC}.Release|Win32.Build.0 = Release|Win32
		{BCB6A59C-382B-42F7-A3E6-AD8D9C8C1FBC}.Release|x64.ActiveCfg = Release|x64
		{BCB6A59C-382B-42F7-A3E6-AD8D9C8C1FBC}.Release|x64.Build.0 = Release|x64
		{BCB6A59C-382B-42F7-A3E6-AD8D9C8C1FBC}.VSDebug|Win32.ActiveCfg = VSDebug|Win32
		{BCB6A59C-382B-42F7-A3E6-AD8D9C8C1FBC}.VSDebug|Win32.Build.0 = VSDebug|Win32
		{BCB6A59C-382B-42F7-A3E6-AD8D9C8C1FBC}.VSDebug|x64.ActiveCfg = VSDebug|x64
		{BCB6A59C-382B-42F7-A3E6-AD8D9C8C1FBC}.VSDebug|x64.Build.0 = VSDebug|x64
		{AA145F1F-8A74-4112-B177-8A79984E786C}.Release|Win32.ActiveCfg = Release|Win32
		{AA145F1F-8A74-4112-B177-8A79984E786C}.Release|Win32.Build.0 = Release|Win32
		{AA145F1F-8A74-4112-B177-8A79984E786C}.Release|x64.ActiveCfg = Release|x64
		{AA145F1F-8A74-4112-B177-8A79984E786C}.Release|x64.Build.0 = Release|x64
		{AA145F1F-8A74-4112-B177-8A79984E786C}.VSDebug|Win32.ActiveCfg = VSDebug|Win32
		{AA145F1F-8A74-4112-B177-8A79984E786C}.VSDebug|Win32.Build.0 = VSDebug|Win32
		{AA145F1F-8A74-4112-B177-8A79984E786C}.VSDebug|x64.ActiveCfg = VSDebug|x64
		{AA145F1F-8A74-4112-B177-8A79984E786C}.VSDebug|x64.Build.0 = VSDebug|x64
		{D7110311-202D-40D4-BC2E-85F3E9284FB3}.Release|Win32.ActiveCfg = Release|Win32
		{D7110311-202D-40D4-BC2E-85F3E9284FB3}.Release|Win32.Build.0 = Release|Win32
		{D7110311-202D-40D4-BC2E-85F3E9284FB3}.Release|x64.ActiveCfg = Release|x64
		{D7110311-202D-40D4-BC2E-85F3E9284FB3}.Release|x64.Build.0 = Release|x64
		{D7110311-202D-40D4-BC2E-85F3E9284FB3}.VSDebug|Win32.ActiveCfg = VSDebug|Win32
		{D7110311-202D-40D4-BC2E-85F3E9284FB3}.VSDebug|Win32.Build.0 = VSDebug|Win32
		{D7110311-202D-40D4-BC2E-85F3E9284FB3}.VSDebug|x64.ActiveCfg = VSDebug|x64
		{D7110311-202D-40D4-BC2E-85F3E9284FB3}.VSDebug|x64.Build.0 = VSDebug|x64
		{5BD72764-1D9E-4D80-9BAE-E2C2EEA94457}.Release|Win32.ActiveCfg = Release|Win32
		{5BD72764-1D9E-4D80-9BAE-E2C2EEA94457}.Release|Win32.Build.0 = Release|Win32
		{5BD72764-1D9E-4D80-9BAE-E2C2EEA94457}.Release|x64.ActiveCfg = Release|x64
		{5BD72764-1D9E-4D80-9BAE-E2C2EEA94457}.Release|x64.Build.0 = Release|x64
		{5BD72764-1D9E-4D80-9BAE-E2C2EEA94457}.VSDebug|Win32.ActiveCfg = VSDebug|Win32
		{5BD72764-1D9E-4D80-9BAE-E2C2EEA94457}.VSDebug|Win32.Build.0 = VSDebug|Win32
		{5BD72764-1D9E-4D80-9BAE-E2C2EEA94457}.VSDebug|x64.ActiveCfg = VSDebug|x64
		{5BD72764-1D9E-4D80-9BAE-E2C2EEA94457}.VSDebug|x64.Build.0 = VSDebug|x64
		{5D0EF44C-50E4-4A3D-84A2-58D219A7453F}.Release|Win32.ActiveCfg = Release|Win32
		{5D0EF44C-50E4-4A3D-84A2-58D219A7453F}.Release|Win32.Build.0 = Release|Win32
		{5D0EF44C-50E4-4A3D-84A2-58D219A7453F}.Release|x64.ActiveCfg = Release|x64
		{5D0EF44C-50E4-4A3D-84A2-58D219A7453F}.Release|x64.Build.0 = Release|x64
		{5D0EF44C-50E4-4A3D-84A2-58D219A7453F}.VSDebug|Win32.ActiveCfg = VSDebug|Win32
		{5D0EF44C-50E4-4A3D-84A2-58D219A7453F}.VSDebug|Win32.Build.0 = VSDebug|Win32
		{5D0EF44C-50E4-4A3D-84A2-58D219A7453F}.VSDebug|x64.ActiveCfg = VSDebug|x64
		{5D0EF44C-50E4-4A3D-84A2-58D219A7453F}.VSDebug|x64.Build.0 = VSDebug|x64
		{AD251908-821D-4663-8C54-4F353D7263A0}.Release|Win32.ActiveCfg = Release|Win32
		{AD251908-821D-4663-8C54-4F353D7263A0}.Release|Win32.Build.0 = Release|Win32
		{AD251908-821D-4663-8C54-4F353D7263A0}.Release|x64.ActiveCfg = Release|x64
		{AD251908-821D-4663-8C54-4F353D7263A0}.Release|x64.Build.0 = Release|x64
		{AD251908-821D-4663-8C54-4F353D7263A0}.VSDebug|Win32.ActiveCfg = VSDebug|Win32
		{AD251908-821D-4663-8C54-4F353D7263A0}.VSDebug|Win32.Build.0 = VSDebug|Win32
		{AD251908-821D-4663-8C54-4F353D7263A0}.VSDebug|x64.ActiveCfg = VSDebug|x64
		{AD251908-821D-4663-8C54-4F353D7263A0}.VSDebug|x64.Build.0 = VSDebug|x64
		{86516E5B-FCF6-4349-91B2-836F58D26C37}.Release|Win32.ActiveCfg = Release|Win32
		{86516E5B-FCF6-4349-91B2-836F58D26C37}.Release|Win32.Build.0 = Release|Win32
		{86516E5B-FCF6-4349-91B2-836F58D26C37}.Release|x64.ActiveCfg = Release|x64
		{86516E5B-FCF6-4349-91B2-836F58D26C37}.Release|x64.Build.0 = Release|x64
		{86516E5B-FCF6-4349-91B2-836F58D26C37}.VSDebug|Win32.ActiveCfg = VSDebug|Win32
		{86516E5B-FCF6-4349-91B2-836F58D26C37}.VSDebug|Win32.Build.0 = VSDebug|Win32
		{86516E5B-FCF6-4349-91B2-836F58D26C37}.VSDebug|x64.ActiveCfg = VSDebug|x64
		{86516E5B-FCF6-4349-91B2-836F58D26C37}.VSDebug|x64.Build.0 = VSDebug|x64
		{23338BAF-D3A7-4F3C-8D5D-966C8D52EF16}.Release|Win32.ActiveCfg = Release|Win32
		{23338BAF-D3A7-4F3C-8D5D-966C8D52EF16}.Release|Win32.Build.0 = Release|Win32
		{23338BAF-D3A7-4F3C-8D5D-966C8D52EF16}.Release|x64.ActiveCfg = Release|x64
		{23338BAF-D3A7-4F3C-8D5D-966C8D52EF16}.Release|x64.Build.0 = Release|x64
		{23338BAF-D3A7-4F3C-8D5D-966C8D52EF16}.VSDebug|Win32.ActiveCfg = VSDebug|Win32
		{23338BAF-D3A7-4F3C-8D5D-966C8D52EF16}.VSDebug|Win32.Build.0 = VSDebug|Win32
		{23338BAF-D3A7-4F3C-8D5D-966C8D52EF16}.VSDebug|x64.ActiveCfg = VSDebug|x64
		{23338BAF-D3A7-4F3C-8D5D-966C8D52EF16}.VSDebug|x64.Build.0 = VSDebug|x64
		{EBD2DF07-925E-43FB-83BA-3AA5A600A08F}.Release|Win32.ActiveCfg = Release|Win32
		{EBD2DF07-925E-43FB-83BA-3AA5A600A08F}.Release|Win32.Build.0 = Release|Win32
		{EBD2DF07-925E-43FB-83BA-3AA5A600A08F}.Release|x64.ActiveCfg = Release|x64
		{EBD2DF07-925E-43FB-83BA-3AA5A600A08F}.Release|x64.Build.0 = Release|x64
		{EBD2DF07-925E-43FB-83BA-3AA5A600A08F}.VSDebug|Win32.ActiveCfg = VSDebug|Win32
		{EBD2DF07-925E-43FB-83BA-3AA5A600A08F}.VSDebug|Win32.Build.0 = VSDebug|Win32
		{EBD2DF07-925E-43FB-83BA-3AA5A600A08F}.VSDebug|x64.ActiveCfg = VSDebug|x64
		{EBD2DF07-925E-43FB-83BA-3AA5A600A08F}.VSDebug|x64.Build.0 = VSDebug|x64
		{CF389480-CDCF-457E-987D-E8B17050FA7C}.Release|Win32.ActiveCfg = Release|Win32
		{CF389480-CDCF-457E-987D-E8B17050FA7C}.Release|Win32.Build.0 = Release|Win32
		{CF389480-CDCF-457E-987D-E8B17050FA7C}.Release|x64.ActiveCfg = Release|x64
		{CF389480-CDCF-457E-987D-E8B17050FA7C}.Release|x64.Build.0 = Release|x64
		{CF389480-CDCF-457E-987D-E8B17050FA7C}.VSDebug|Win32.ActiveCfg = VSDebug|Win32
		{CF389480-CDCF-457E-987D-E8B17050FA7C}.VSDebug|Win32.Build.0 = VSDebug|Win32
		{CF389480-CDCF-457E-987D-E8B17050FA7C}.VSDebug|x64.ActiveCfg = VSDebug|x64
		{CF389480-CDCF-457E-987D-E8B17050FA7C}.VSDebug|x64.Build.0 = VSDebug|x64
		{0B33AB7A-92AE-4485-BE50-D40130A7B861}.Release|Win32.ActiveCfg = Release|Win32
		{0B33AB7A-92AE-4485-BE50-D40130A7B861}.Release|Win32.Build.0 = Release|Win32
		{0B33AB7A-92AE-4485-BE50-D40130A7B861}.Release|x64.ActiveCfg = Release|x64
		{0B33AB7A-92AE-4485-BE50-D40130A7B861}.Release|x64.Build.0 = Release|x64
		{0B33AB7A-92AE-4485-BE50-D40130A7B861}.VSDebug|Win32.ActiveCfg = VSDebug|Win32
		{0B33AB7A-92AE-4485-BE50-D40130A7B861}.VSDebug|Win32.Build.0 = VSDebug|Win32
		{0B33AB7A-92AE-4485-BE50-D40130A7B861}.VSDebug|x64.ActiveCfg = VSDebug|x64
		{0B33AB7A-92AE-4485-BE50-D40130A7B861}.VSDebug|x64.Build.0 = VSDebug|x64
		{B5698389-0D50-4AB1-9200-F2E619D9CCED}.Release|Win32.ActiveCfg = Release|Win32
		{B5698389-0D50-4AB1-9200-F2E619D9CCED}.Release|Win32.Build.0 = Release|Win32
		{B5698389-0D50-4AB1-9200-F2E619D9CCED}.Release|x64.ActiveCfg = Release|x64
		{B5698389-0D50-4AB1-9200-F2E619D9CCED}.Release|x64.Build.0 = Release|x64
		{B5698389-0D50-4AB1-9200-F2E619D9CCED}.VSDebug|Win32.ActiveCfg = VSDebug|Win32
		{B5698389-0D50-4AB1-9200-F2E619D9CCED}.VSDebug|Win32.Build.0 = VSDebug|Win32
		{B5698389-0D50-4AB1-9200-F2E619D9CCED}.VSDebug|x64.ActiveCfg = VSDebug|x64
		{B5698389-0D50-4AB1-9200-F2E619D9CCED}.VSDebug|x64.Build.0 = VSDebug|x64
		{397CBBB1-5EC9-478B-8AAE-6FC49B39128F}.Release|Win32.ActiveCfg = Release|Win32
		{397CBBB1-5EC9-478B-8AAE-6FC49B39128F}.Release|Win32.Build.0 = Release|Win32
		{397CBBB1-5EC9-478B-8AAE-6FC49B39128F}.Release|x64.ActiveCfg = Release|x64
		{397CBBB1-5EC9-478B-8AAE-6FC49B39128F}.Release|x64.Build.0 = Release|x64
		{397CBBB1-5EC9-478B-8AAE-6FC49B39128F}.VSDebug|Win32.ActiveCfg = VSDebug|Win32
		{397CBBB1-5EC9-478B-8AAE-6FC49B39128F}.VSDebug|Win32.Build.0 = VSDebug|Win32
		{397CBBB1-5EC9-478B-8AAE-6FC49B39128F}.VSDebug|x64.ActiveCfg = VSDebug|x64
		{397CBBB1-5EC9-478B-8AAE-6FC49B39128F}.VSDebug|x64.Build.0 = VSDebug|x64
		{AB66A878-21FC-4141-B99C-139E14ACBEA6}.Release|Win32.ActiveCfg = Release|Win32
		{AB66A878-21FC-4141-B99C-139E14ACBEA6}.Release|Win32.Build.0 = Release|Win32
		{AB66A878-21FC-4141-B99C-139E14ACBEA6}.Release|x64.ActiveCfg = Release|x64
		{AB66A878-21FC-4141-B99C-139E14ACBEA6}.Release|x64.Build.0 = Release|x64
		{AB66A878-21FC-4141-B99C-139E14ACBEA6}.VSDebug|Win32.ActiveCfg = VSDebug|Win32
		{AB66A878-21FC-4141-B99C-139E14ACBEA6}.VSDebug|Win32.Build.0 = VSDebug|Win32
		{AB66A878-21FC-4141-B99C-139E14ACBEA6}.VSDebug|x64.ActiveCfg = VSDebug|x64
		{AB66A878-21FC-4141-B99C-139E14ACBEA6}.VSDebug|x64.Build.0 = VSDebug|x64
		{BE15FF92-5EF0-4AE0-B24F-A76C65E6BA01}.Release|Win32.ActiveCfg = Release|Win32
		{BE15FF92-5EF0-4AE0-B24F-A76C65E6BA01}.Release|Win32.Build.0 = Release|Win32
		{BE15FF92-5EF0-4AE0-B24F-A76C65E6BA01}.Release|x64.ActiveCfg = Release|x64
		{BE15FF92-5EF0-4AE0-B24F-A76C65E6BA01}.Release|x64.Build.0 = Release|x64
		{BE15FF92-5EF0-4AE0-B24F-A76C65E6BA01}.VSDebug|Win32.ActiveCfg = VSDebug|Win32
		{BE15FF92-5EF0-4AE0-B24F-A76C65E6BA01}.VSDebug|Win32.Build.0 = VSDebug|Win32
		{BE15FF92-5EF0-4AE0-B24F-A76C65E6BA01}.VSDebug|x64.ActiveCfg = VSDebug|x64
		{BE15FF92-5EF0-4AE0-B24F-A76C65E6BA01}.VSDebug|x64.Build.0 = VSDebug|x64
		{CEDF8919-00B2-4D8A-88CC-84ADB2D2FF89}.Release|Win32.ActiveCfg = Release|Win32
		{CEDF8919-00B2-4D8A-88CC-84ADB2D2FF89}.Release|Win32.Build.0 = Release|Win32
		{CEDF8919-00B2-4D8A-88CC-84ADB2D2FF89}.Release|x64.ActiveCfg = Release|x64
		{CEDF8919-00B2-4D8A-88CC-84ADB2D2FF89}.Release|x64.Build.0 = Release|x64
		{CEDF8919-00B2-4D8A-88CC-84ADB2D2FF89}.VSDebug|Win32.ActiveCfg = VSDebug|Win32
		{CEDF8919-00B2-4D8A-88CC-84ADB2D2FF89}.VSDebug|Win32.Build.0 = VSDebug|Win32
		{CEDF8919-00B2-4D8A-88CC-84ADB2D2FF89}.VSDebug|x64.ActiveCfg = VSDebug|x64
		{CEDF8919-00B2-4D8A-88CC-84ADB2D2FF89}.VSDebug|x64.Build.0 = VSDebug|x64
		{41CFAFBF-A1C8-4704-AFEF-31979E6452B9}.Release|Win32.ActiveCfg = Release|Win32
		{41CFAFBF-A1C8-4704-AFEF-31979E6452B9}.Release|Win32.Build.0 = Release|Win32
		{41CFAFBF-A1C8-4704-AFEF-31979E6452B9}.Release|x64.ActiveCfg = Release|x64
		{41CFAFBF-A1C8-4704-AFEF-31979E6452B9}.Release|x64.Build.0 = Release|x64
		{41CFAFBF-A1C8-4704-AFEF-31979E6452B9}.VSDebug|Win32.ActiveCfg = VSDebug|Win32
		{41CFAFBF-A1C8-4704-AFEF-31979E6452B9}.VSDebug|Win32.Build.0 = VSDebug|Win32
		{41CFAFBF-A1C8-4704-AFEF-31979E6452B9}.VSDebug|x64.ActiveCfg = VSDebug|x64
		{41CFAFBF-A1C8-4704-AFEF-31979E6452B9}.VSDebug|x64.Build.0 = VSDebug|x64
		{25C60507-39C6-4564-912D-DA2E7482A00F}.Release|Win32.ActiveCfg = Release|Win32
		{25C60507-39C6-4564-912D-DA2E7482A00F}.Release|Win32.Build.0 = Release|Win32
		{25C60507-39C6-4564-912D-DA2E7482A00F}.Release|x64.ActiveCfg = Release|x64
		{25C60507-39C6-4564-912D-DA2E7482A00F}.Release|x64.Build.0 = Release|x64
		{25C60507-39C6-4564-912D-DA2E7482A00F}.VSDebug|Win32.ActiveCfg = VSDebug|Win32
		{25C60507-39C6-4564-912D-DA2E7482A00F}.VSDebug|Win32.Build.0 = VSDebug|Win32
		{25C60507-39C6-4564-912D-DA2E7482A00F}.VSDebug|x64.ActiveCfg = VSDebug|x64
		{25C60507-39C6-4564-912D-DA2E7482A00F}.VSDebug|x64.Build.0 = VSDebug|x64
		{4C93BDD3-1804-47F3-9B34-F2DE0CAE1AE0}.Release|Win32.ActiveCfg = Release|Win32
		{4C93BDD3-1804-47F3-9B34-F2DE0CAE1AE0}.Release|Win32.Build.0 = Release|Win32
		{4C93BDD3-1804-47F3-9B34-F2DE0CAE1AE0}.Release|x64.ActiveCfg = Release|x64
		{4C93BDD3-1804-47F3-9B34-F2DE0CAE1AE0}.Release|x64.Build.0 = Release|x64
		{4C93BDD3-1804-47F3-9B34-F2DE0CAE1AE0}.VSDebug|Win32.ActiveCfg = VSDebug|Win32
		{4C93BDD3-1804-47F3-9B34-F2DE0CAE1AE0}.VSDebug|Win32.Build.0 = VSDebug|Win32
		{4C93BDD3-1804-47F3-9B34-F2DE0CAE1AE0}.VSDebug|x64.ActiveCfg = VSDebug|x64
		{4C93BDD3-1804-47F3-9B34-F2DE0CAE1AE0}.VSDebug|x64.Build.0 = VSDebug|x64
		{8AFAA2C6-E025-4B45-B96F-A27D04C6115A}.Release|Win32.ActiveCfg = Release|Win32
		{8AFAA2C6-E025-4B45-B96F-A27D04C6115A}.Release|Win32.Build.0 = Release|Win32
		{8AFAA2C6-E025-4B45-B96F-A27D04C6115A}.Release|x64.ActiveCfg = Release|x64
		{8AFAA2C6-E025-4B45-B96F-A27D04C6115A}.Release|x64.Build.0 = Release|x64
		{8AFAA2C6-E025-4B45-B96F-A27D04C6115A}.VSDebug|Win32.ActiveCfg = VSDebug|Win32
		{8AFAA2C6-E025-4B45-B96F-A27D04C6115A}.VSDebug|Win32.Build.0 = VSDebug|Win32
		{8AFAA2C6-E025-4B45-B96F-A27D04C6115A}.VSDebug|x64.ActiveCfg = VSDebug|x64
		{8AFAA2C6-E025-4B45-B96F-A27D04C6115A}.VSDebug|x64.Build.0 = VSDebug|x64
		{3FFB9C05-1145-45A7-9ADE-5C8D70FBD7CA}.Release|Win32.ActiveCfg = Release|Win32
		{3FFB9C05-1145-45A7-9ADE-5C8D70FBD7CA}.Release|Win32.Build.0 = Release|Win32
		{3FFB9C05-1145-45A7-9ADE-5C8D70FBD7CA}.Release|x64.ActiveCfg = Release|x64
		{3FFB9C05-1145-45A7-9ADE-5C8D70FBD7CA}.Release|x64.Build.0 = Release|x64
		{3FFB9C05-1145-45A7-9ADE-5C8D70FBD7CA}.VSDebug|Win32.ActiveCfg = VSDebug|Win32
		{3FFB9C05-1145-45A7-9ADE-5C8D70FBD7CA}.VSDebug|Win32.Build.0 = VSDebug|Win32
		{3FFB9C05-1145-45A7-9ADE-5C8D70FBD7CA}.VSDebug|x64.ActiveCfg = VSDebug|x64
		{3FFB9C05-1145-45A7-9ADE-5C8D70FBD7CA}.VSDebug|x64.Build.0 = VSDebug|x64
		{BC27FF34-C859-4A1A-95D6-FC89952E1910}.Release|Win32.ActiveCfg = Release|Win32
		{BC27FF34-C859-4A1A-95D6-FC89952E1910}.Release|Win32.Build.0 = Release|Win32
		{BC27FF34-C859-4A1A-95D6-FC89952E1910}.Release|x64.ActiveCfg = Release|x64
		{BC27FF34-C859-4A1A-95D6-FC89952E1910}.Release|x64.Build.0 = Release|x64
		{BC27FF34-C859-4A1A-95D6-FC89952E1910}.VSDebug|Win32.ActiveCfg = VSDebug|Win32
		{BC27FF34-C859-4A1A-95D6-FC89952E1910}.VSDebug|Win32.Build.0 = VSDebug|Win32
		{BC27FF34-C859-4A1A-95D6-FC89952E1910}.VSDebug|x64.ActiveCfg = VSDebug|x64
		{BC27FF34-C859-4A1A-95D6-FC89952E1910}.VSDebug|x64.Build.0 = VSDebug|x64
		{85005D62-6AA7-4D8A-86CB-4061B23D7C6C}.Release|Win32.ActiveCfg = Release|Win32
		{85005D62-6AA7-4D8A-86CB-4061B23D7C6C}.Release|Win32.Build.0 = Release|Win32
		{85005D62-6AA7-4D8A-86CB-4061B23D7C6C}.Release|x64.ActiveCfg = Release|x64
		{85005D62-6AA7-4D8A-86CB-4061B23D7C6C}.Release|x64.Build.0 = Release|x64
		{85005D62-6AA7-4D8A-86CB-4061B23D7C6C}.VSDebug|Win32.ActiveCfg = VSDebug|Win32
		{85005D62-6AA7-4D8A-86CB-4061B23D7C6C}.VSDebug|Win32.Build.0 = VSDebug|Win32
		{85005D62-6AA7-4D8A-86CB-4061B23D7C6C}.VSDebug|x64.ActiveCfg = VSDebug|x64
		{85005D62-6AA7-4D8A-86CB-4061B23D7C6C}.VSDebug|x64.Build.0 = VSDebug|x64
		{BD3A95FA-A3DE-4B79-A889-A7E5ECA4B69C}.Release|Win32.ActiveCfg = Release|Win32
		{BD3A95FA-A3DE-4B79-A889-A7E5ECA4B69C}.Release|Win32.Build.0 = Release|Win32
		{BD3A95FA-A3DE-4B79-A889-A7E5ECA4B69C}.Release|x64.ActiveCfg = Release|x64
		{BD3A95FA-A3DE-4B79-A889-A7E5ECA4B69C}.Release|x64.Build.0 = Release|x64
		{BD3A95FA-A3DE-4B79-A889-A7E5ECA4B69C}.VSDebug|Win32.ActiveCfg = VSDebug|Win32
		{BD3A95FA-A3DE-4B79-A889-A7E5ECA4B69C}.VSDebug|Win32.Build.0 = VSDebug|Win32
		{BD3A95FA-A3DE-4B79-A889-A7E5ECA4B69C}.VSDebug|x64.ActiveCfg = VSDebug|x64
		{BD3A95FA-A3DE-4B79-A889-A7E5ECA4B69C}.VSDebug|x64.Build.0 = VSDebug|x64
		{E221DB4C-B254-47CB-993D-DC7FED580DA1}.Release|Win32.ActiveCfg = Release|Win32
		{E221DB4C-B254-47CB-993D-DC7FED580DA1}.Release|Win32.Build.0 = Release|Win32
		{E221DB4C-B254-47CB-993D-DC7FED580DA1}.Release|x64.ActiveCfg = Release|x64
		{E221DB4C-B254-47CB-993D-DC7FED580DA1}.Release|x64.Build.0 = Release|x64
		{E221DB4C-B254-47CB-993D-DC7FED580DA1}.VSDebug|Win32.ActiveCfg = VSDebug|Win32
		{E221DB4C-B254-47CB-993D-DC7FED580DA1}.VSDebug|Win32.Build.0 = VSDebug|Win32
		{E221DB4C-B254-47CB-993D-DC7FED580DA1}.VSDebug|x64.ActiveCfg = VSDebug|x64
		{E221DB4C-B254-47CB-993D-DC7FED580DA1}.VSDebug|x64.Build.0 = VSDebug|x64
		{5304AD69-D449-4589-B2C9-E4607E56A51D}.Release|Win32.ActiveCfg = Release|Win32
		{5304AD69-D449-4589-B2C9-E4607E56A51D}.Release|Win32.Build.0 = Release|Win32
		{5304AD69-D449-4589-B2C9-E4607E56A51D}.Release|x64.ActiveCfg = Release|x64
		{5304AD69-D449-4589-B2C9-E4607E56A51D}.Release|x64.Build.0 = Release|x64
		{5304AD69-D449-4589-B2C9-E4607E56A51D}.VSDebug|Win32.ActiveCfg = VSDebug|Win32
		{5304AD69-D449-4589-B2C9-E4607E56A51D}.VSDebug|Win32.Build.0 = VSDebug|Win32
		{5304AD69-D449-4589-B2C9-E4607E56A51D}.VSDebug|x64.ActiveCfg = VSDebug|x64
		{5304AD69-D449-4589-B2C9-E4607E56A51D}.VSDebug|x64.Build.0 = VSDebug|x64
		{7BCD081D-FD85-43C6-922D-72920254AD1F}.Release|Win32.ActiveCfg = Release|Win32
		{7BCD081D-FD85-43C6-922D-72920254AD1F}.Release|Win32.Build.0 = Release|Win32
		{7BCD081D-FD85-43C6-922D-72920254AD1F}.Release|x64.ActiveCfg = Release|x64
		{7BCD081D-FD85-43C6-922D-72920254AD1F}.Release|x64.Build.0 = Release|x64
		{7BCD081D-FD85-43C6-922D-72920254AD1F}.VSDebug|Win32.ActiveCfg = VSDebug|Win32
		{7BCD081D-FD85-43C6-922D-72920254AD1F}.VSDebug|Win32.Build.0 = VSDebug|Win32
		{7BCD081D-FD85-43C6-922D-72920254AD1F}.VSDebug|x64.ActiveCfg = VSDebug|x64
		{7BCD081D-FD85-43C6-922D-72920254AD1F}.VSDebug|x64.Build.0 = VSDebug|x64
		{6B758D1D-FE05-49C6-836B-9B8AC8DC4FCD}.Release|Win32.ActiveCfg = Release|Win32
		{6B758D1D-FE05-49C6-836B-9B8AC8DC4FCD}.Release|Win32.Build.0 = Release|Win32
		{6B758D1D-FE05-49C6-836B-9B8AC8DC4FCD}.Release|x64.ActiveCfg = Release|x64
		{6B758D1D-FE05-49C6-836B-9B8AC8DC4FCD}.Release|x64.Build.0 = Release|x64
		{6B758D1D-FE05-49C6-836B-9B8AC8DC4FCD}.VSDebug|Win32.ActiveCfg = VSDebug|Win32
		{6B758D1D-FE05-49C6-836B-9B8AC8DC4FCD}.VSDebug|Win32.Build.0 = VSDebug|Win32
		{6B758D1D-FE05-49C6-836B-9B8AC8DC4FCD}.VSDebug|x64.ActiveCfg = VSDebug|x64
		{6B758D1D-FE05-49C6-836B-9B8AC8DC4FCD}.VSDebug|x64.Build.0 = VSDebug|x64
		{A7545354-5D50-49F6-A3D0-1F97F6228955}.Release|Win32.ActiveCfg = Release|Win32
		{A7545354-5D50-49F6-A3D0-1F97F6228955}.Release|Win32.Build.0 = Release|Win32
		{A7545354-5D50-49F6-A3D0-1F97F6228955}.Release|x64.ActiveCfg = Release|x64
		{A7545354-5D50-49F6-A3D0-1F97F6228955}.Release|x64.Build.0 = Release|x64
		{A7545354-5D50-49F6-A3D0-1F97F6228955}.VSDebug|Win32.ActiveCfg = VSDebug|Win32
		{A7545354-5D50-49F6-A3D0-1F97F6228955}.VSDebug|Win32.Build.0 = VSDebug|Win32
		{A7545354-5D50-49F6-A3D0-1F97F6228955}.VSDebug|x64.ActiveCfg = VSDebug|x64
		{A7545354-5D50-49F6-A3D0-1F97F6228955}.VSDebug|x64.Build.0 = VSDebug|x64
		{B9332DC8-7594-47DF-80C1-38922E0F4DFB}.Release|Win32.ActiveCfg = Release|Win32
		{B9332DC8-7594-47DF-80C1-38922E0F4DFB}.Release|Win32.Build.0 = Release|Win32
		{B9332DC8-7594-47DF-80C1-38922E0F4DFB}.Release|x64.ActiveCfg = Release|x64
		{B9332DC8-7594-47DF-80C1-38922E0F4DFB}.Release|x64.Build.0 = Release|x64
		{B9332DC8-7594-47DF-80C1-38922E0F4DFB}.VSDebug|Win32.ActiveCfg = VSDebug|Win32
		{B9332DC8-7594-47DF-80C1-38922E0F4DFB}.VSDebug|Win32.Build.0 = VSDebug|Win32
		{B9332DC8-7594-47DF-80C1-38922E0F4DFB}.VSDebug|x64.ActiveCfg = VSDebug|x64
		{B9332DC8-7594-47DF-80C1-38922E0F4DFB}.VSDebug|x64.Build.0 = VSDebug|x64
		{B86FB73A-4ACC-42DE-9545-586D93955B06}.Release|Win32.ActiveCfg = Release|Win32
		{B86FB73A-4ACC-42DE-9545-586D93955B06}.Release|Win32.Build.0 = Release|Win32
		{B86FB73A-4ACC-42DE-9545-586D93955B06}.Release|x64.ActiveCfg = Release|x64
		{B86FB73A-4ACC-42DE-9545-586D93955B06}.Release|x64.Build.0 = Release|x64
		{B86FB73A-4ACC-42DE-9545-586D93955B06}.VSDebug|Win32.ActiveCfg = VSDebug|Win32
		{B86FB73A-4ACC-42DE-9545-586D93955B06}.VSDebug|Win32.Build.0 = VSDebug|Win32
		{B86FB73A-4ACC-42DE-9545-586D93955B06}.VSDebug|x64.ActiveCfg = VSDebug|x64
		{B86FB73A-4ACC-42DE-9545-586D93955B06}.VSDebug|x64.Build.0 = VSDebug|x64
	EndGlobalSection
	GlobalSection(SolutionProperties) = preSolution
		HideSolutionNode = FALSE
	EndGlobalSection
	GlobalSection(ExtensibilityGlobals) = postSolution
		SolutionGuid = {D7E38BE4-7A62-4933-8181-DA9C0901E7DD}
	EndGlobalSection
EndGlobal
